
Microsoft Visual Studio Solution File, Format Version 12.00
# Visual Studio Version 17
VisualStudioVersion = 17.2.32516.85
MinimumVisualStudioVersion = 10.0.40219.1
Project("{9A19103F-16F7-4668-BE54-9A1E7A4F7556}") = "Kafic", "Kafic.csproj", "{DF3157F4-5298-44D4-8138-DF7F0DA1D785}"
EndProject
Project("{FAE04EC0-301F-11D3-BF4B-00C04F79EFBC}") = "NUnitTestKafic", "..\NUnitTestKafic\NUnitTestKafic.csproj", "{1386C1C5-F7A1-4C3D-8834-0A274B05AEE7}"
EndProject
Global
	GlobalSection(SolutionConfigurationPlatforms) = preSolution
		Debug|Any CPU = Debug|Any CPU
		Release|Any CPU = Release|Any CPU
	EndGlobalSection
	GlobalSection(ProjectConfigurationPlatforms) = postSolution
		{DF3157F4-5298-44D4-8138-DF7F0DA1D785}.Debug|Any CPU.ActiveCfg = Debug|Any CPU
		{DF3157F4-5298-44D4-8138-DF7F0DA1D785}.Debug|Any CPU.Build.0 = Debug|Any CPU
		{DF3157F4-5298-44D4-8138-DF7F0DA1D785}.Release|Any CPU.ActiveCfg = Release|Any CPU
		{DF3157F4-5298-44D4-8138-DF7F0DA1D785}.Release|Any CPU.Build.0 = Release|Any CPU
		{1386C1C5-F7A1-4C3D-8834-0A274B05AEE7}.Debug|Any CPU.ActiveCfg = Debug|Any CPU
		{1386C1C5-F7A1-4C3D-8834-0A274B05AEE7}.Debug|Any CPU.Build.0 = Debug|Any CPU
		{1386C1C5-F7A1-4C3D-8834-0A274B05AEE7}.Release|Any CPU.ActiveCfg = Release|Any CPU
		{1386C1C5-F7A1-4C3D-8834-0A274B05AEE7}.Release|Any CPU.Build.0 = Release|Any CPU
	EndGlobalSection
	GlobalSection(SolutionProperties) = preSolution
		HideSolutionNode = FALSE
	EndGlobalSection
	GlobalSection(ExtensibilityGlobals) = postSolution
		SolutionGuid = {432813A7-A44C-4231-BC1B-8D2B4C02516D}
	EndGlobalSection
EndGlobal
